// !$*UTF8*$!
{
	archiveVersion = 1;
	classes = {
	};
	objectVersion = 46;
	objects = {

/* Begin PBXBuildFile section */
		2D67819A18F4B7610080D9D8 /* Foundation.framework in Frameworks */ = {isa = PBXBuildFile; fileRef = 2D67819918F4B7610080D9D8 /* Foundation.framework */; };
		2D67819C18F4B7610080D9D8 /* CoreGraphics.framework in Frameworks */ = {isa = PBXBuildFile; fileRef = 2D67819B18F4B7610080D9D8 /* CoreGraphics.framework */; };
		2D67819E18F4B7610080D9D8 /* UIKit.framework in Frameworks */ = {isa = PBXBuildFile; fileRef = 2D67819D18F4B7610080D9D8 /* UIKit.framework */; };
		2D6781A418F4B7610080D9D8 /* InfoPlist.strings in Resources */ = {isa = PBXBuildFile; fileRef = 2D6781A218F4B7610080D9D8 /* InfoPlist.strings */; };
		2D6781A618F4B7610080D9D8 /* main.m in Sources */ = {isa = PBXBuildFile; fileRef = 2D6781A518F4B7610080D9D8 /* main.m */; };
		2D6781AA18F4B7610080D9D8 /* AppDelegate.m in Sources */ = {isa = PBXBuildFile; fileRef = 2D6781A918F4B7610080D9D8 /* AppDelegate.m */; };
		2D6781AD18F4B7610080D9D8 /* Main.storyboard in Resources */ = {isa = PBXBuildFile; fileRef = 2D6781AB18F4B7610080D9D8 /* Main.storyboard */; };
		2D6781B018F4B7610080D9D8 /* ViewController.m in Sources */ = {isa = PBXBuildFile; fileRef = 2D6781AF18F4B7610080D9D8 /* ViewController.m */; };
		2D6781B218F4B7610080D9D8 /* Images.xcassets in Resources */ = {isa = PBXBuildFile; fileRef = 2D6781B118F4B7610080D9D8 /* Images.xcassets */; };
		2D6781B918F4B7610080D9D8 /* XCTest.framework in Frameworks */ = {isa = PBXBuildFile; fileRef = 2D6781B818F4B7610080D9D8 /* XCTest.framework */; };
		2D6781BA18F4B7610080D9D8 /* Foundation.framework in Frameworks */ = {isa = PBXBuildFile; fileRef = 2D67819918F4B7610080D9D8 /* Foundation.framework */; };
		2D6781BB18F4B7610080D9D8 /* UIKit.framework in Frameworks */ = {isa = PBXBuildFile; fileRef = 2D67819D18F4B7610080D9D8 /* UIKit.framework */; };
		2D6781C318F4B7620080D9D8 /* InfoPlist.strings in Resources */ = {isa = PBXBuildFile; fileRef = 2D6781C118F4B7620080D9D8 /* InfoPlist.strings */; };
		2D6781C518F4B7620080D9D8 /* AcceleromterExampleTests.m in Sources */ = {isa = PBXBuildFile; fileRef = 2D6781C418F4B7620080D9D8 /* AcceleromterExampleTests.m */; };
		2DD06A8C18F4EE2B00E2DB3A /* CoreMotion.framework in Frameworks */ = {isa = PBXBuildFile; fileRef = 2D6781CE18F4B7730080D9D8 /* CoreMotion.framework */; };
/* End PBXBuildFile section */

/* Begin PBXContainerItemProxy section */
		2D6781BC18F4B7610080D9D8 /* PBXContainerItemProxy */ = {
			isa = PBXContainerItemProxy;
			containerPortal = 2D67818E18F4B7610080D9D8 /* Project object */;
			proxyType = 1;
			remoteGlobalIDString = 2D67819518F4B7610080D9D8;
			remoteInfo = AcceleromterExample;
		};
/* End PBXContainerItemProxy section */

/* Begin PBXFileReference section */
		2D67819618F4B7610080D9D8 /* AccelerometerExample.app */ = {isa = PBXFileReference; explicitFileType = wrapper.application; includeInIndex = 0; path = AccelerometerExample.app; sourceTree = BUILT_PRODUCTS_DIR; };
		2D67819918F4B7610080D9D8 /* Foundation.framework */ = {isa = PBXFileReference; lastKnownFileType = wrapper.framework; name = Foundation.framework; path = System/Library/Frameworks/Foundation.framework; sourceTree = SDKROOT; };
		2D67819B18F4B7610080D9D8 /* CoreGraphics.framework */ = {isa = PBXFileReference; lastKnownFileType = wrapper.framework; name = CoreGraphics.framework; path = System/Library/Frameworks/CoreGraphics.framework; sourceTree = SDKROOT; };
		2D67819D18F4B7610080D9D8 /* UIKit.framework */ = {isa = PBXFileReference; lastKnownFileType = wrapper.framework; name = UIKit.framework; path = System/Library/Frameworks/UIKit.framework; sourceTree = SDKROOT; };
		2D6781A118F4B7610080D9D8 /* AccelerometerExample-Info.plist */ = {isa = PBXFileReference; lastKnownFileType = text.plist.xml; path = "AccelerometerExample-Info.plist"; sourceTree = "<group>"; };
		2D6781A318F4B7610080D9D8 /* en */ = {isa = PBXFileReference; lastKnownFileType = text.plist.strings; name = en; path = en.lproj/InfoPlist.strings; sourceTree = "<group>"; };
		2D6781A518F4B7610080D9D8 /* main.m */ = {isa = PBXFileReference; lastKnownFileType = sourcecode.c.objc; path = main.m; sourceTree = "<group>"; };
		2D6781A718F4B7610080D9D8 /* AccelerometerExample-Prefix.pch */ = {isa = PBXFileReference; lastKnownFileType = sourcecode.c.h; path = "AccelerometerExample-Prefix.pch"; sourceTree = "<group>"; };
		2D6781A818F4B7610080D9D8 /* AppDelegate.h */ = {isa = PBXFileReference; lastKnownFileType = sourcecode.c.h; path = AppDelegate.h; sourceTree = "<group>"; };
		2D6781A918F4B7610080D9D8 /* AppDelegate.m */ = {isa = PBXFileReference; lastKnownFileType = sourcecode.c.objc; path = AppDelegate.m; sourceTree = "<group>"; };
		2D6781AC18F4B7610080D9D8 /* Base */ = {isa = PBXFileReference; lastKnownFileType = file.storyboard; name = Base; path = Base.lproj/Main.storyboard; sourceTree = "<group>"; };
		2D6781AE18F4B7610080D9D8 /* ViewController.h */ = {isa = PBXFileReference; lastKnownFileType = sourcecode.c.h; path = ViewController.h; sourceTree = "<group>"; };
		2D6781AF18F4B7610080D9D8 /* ViewController.m */ = {isa = PBXFileReference; lastKnownFileType = sourcecode.c.objc; path = ViewController.m; sourceTree = "<group>"; };
		2D6781B118F4B7610080D9D8 /* Images.xcassets */ = {isa = PBXFileReference; lastKnownFileType = folder.assetcatalog; path = Images.xcassets; sourceTree = "<group>"; };
		2D6781B718F4B7610080D9D8 /* AccelerometerExampleTests.xctest */ = {isa = PBXFileReference; explicitFileType = wrapper.cfbundle; includeInIndex = 0; path = AccelerometerExampleTests.xctest; sourceTree = BUILT_PRODUCTS_DIR; };
		2D6781B818F4B7610080D9D8 /* XCTest.framework */ = {isa = PBXFileReference; lastKnownFileType = wrapper.framework; name = XCTest.framework; path = Library/Frameworks/XCTest.framework; sourceTree = DEVELOPER_DIR; };
		2D6781C018F4B7610080D9D8 /* AccelerometerExampleTests-Info.plist */ = {isa = PBXFileReference; lastKnownFileType = text.plist.xml; path = "AccelerometerExampleTests-Info.plist"; sourceTree = "<group>"; };
		2D6781C218F4B7620080D9D8 /* en */ = {isa = PBXFileReference; lastKnownFileType = text.plist.strings; name = en; path = en.lproj/InfoPlist.strings; sourceTree = "<group>"; };
		2D6781C418F4B7620080D9D8 /* AcceleromterExampleTests.m */ = {isa = PBXFileReference; lastKnownFileType = sourcecode.c.objc; path = AcceleromterExampleTests.m; sourceTree = "<group>"; };
		2D6781CE18F4B7730080D9D8 /* CoreMotion.framework */ = {isa = PBXFileReference; lastKnownFileType = wrapper.framework; name = CoreMotion.framework; path = System/Library/Frameworks/CoreMotion.framework; sourceTree = SDKROOT; };
/* End PBXFileReference section */

/* Begin PBXFrameworksBuildPhase section */
		2D67819318F4B7610080D9D8 /* Frameworks */ = {
			isa = PBXFrameworksBuildPhase;
			buildActionMask = 2147483647;
			files = (
				2DD06A8C18F4EE2B00E2DB3A /* CoreMotion.framework in Frameworks */,
				2D67819C18F4B7610080D9D8 /* CoreGraphics.framework in Frameworks */,
				2D67819E18F4B7610080D9D8 /* UIKit.framework in Frameworks */,
				2D67819A18F4B7610080D9D8 /* Foundation.framework in Frameworks */,
			);
			runOnlyForDeploymentPostprocessing = 0;
		};
		2D6781B418F4B7610080D9D8 /* Frameworks */ = {
			isa = PBXFrameworksBuildPhase;
			buildActionMask = 2147483647;
			files = (
				2D6781B918F4B7610080D9D8 /* XCTest.framework in Frameworks */,
				2D6781BB18F4B7610080D9D8 /* UIKit.framework in Frameworks */,
				2D6781BA18F4B7610080D9D8 /* Foundation.framework in Frameworks */,
			);
			runOnlyForDeploymentPostprocessing = 0;
		};
/* End PBXFrameworksBuildPhase section */

/* Begin PBXGroup section */
		2D67818D18F4B7610080D9D8 = {
			isa = PBXGroup;
			children = (
				2D67819F18F4B7610080D9D8 /* AcceleromterExample */,
				2D6781BE18F4B7610080D9D8 /* AcceleromterExampleTests */,
				2D67819818F4B7610080D9D8 /* Frameworks */,
				2D67819718F4B7610080D9D8 /* Products */,
			);
			sourceTree = "<group>";
		};
		2D67819718F4B7610080D9D8 /* Products */ = {
			isa = PBXGroup;
			children = (
				2D67819618F4B7610080D9D8 /* AccelerometerExample.app */,
				2D6781B718F4B7610080D9D8 /* AccelerometerExampleTests.xctest */,
			);
			name = Products;
			sourceTree = "<group>";
		};
		2D67819818F4B7610080D9D8 /* Frameworks */ = {
			isa = PBXGroup;
			children = (
				2D6781CE18F4B7730080D9D8 /* CoreMotion.framework */,
				2D67819918F4B7610080D9D8 /* Foundation.framework */,
				2D67819B18F4B7610080D9D8 /* CoreGraphics.framework */,
				2D67819D18F4B7610080D9D8 /* UIKit.framework */,
				2D6781B818F4B7610080D9D8 /* XCTest.framework */,
			);
			name = Frameworks;
			sourceTree = "<group>";
		};
		2D67819F18F4B7610080D9D8 /* AcceleromterExample */ = {
			isa = PBXGroup;
			children = (
				2D6781A818F4B7610080D9D8 /* AppDelegate.h */,
				2D6781A918F4B7610080D9D8 /* AppDelegate.m */,
				2D6781AB18F4B7610080D9D8 /* Main.storyboard */,
				2D6781AE18F4B7610080D9D8 /* ViewController.h */,
				2D6781AF18F4B7610080D9D8 /* ViewController.m */,
				2D6781B118F4B7610080D9D8 /* Images.xcassets */,
				2D6781A018F4B7610080D9D8 /* Supporting Files */,
			);
			path = AcceleromterExample;
			sourceTree = "<group>";
		};
		2D6781A018F4B7610080D9D8 /* Supporting Files */ = {
			isa = PBXGroup;
			children = (
				2D6781A118F4B7610080D9D8 /* AccelerometerExample-Info.plist */,
				2D6781A218F4B7610080D9D8 /* InfoPlist.strings */,
				2D6781A518F4B7610080D9D8 /* main.m */,
				2D6781A718F4B7610080D9D8 /* AccelerometerExample-Prefix.pch */,
			);
			name = "Supporting Files";
			sourceTree = "<group>";
		};
		2D6781BE18F4B7610080D9D8 /* AcceleromterExampleTests */ = {
			isa = PBXGroup;
			children = (
				2D6781C418F4B7620080D9D8 /* AcceleromterExampleTests.m */,
				2D6781BF18F4B7610080D9D8 /* Supporting Files */,
			);
			path = AcceleromterExampleTests;
			sourceTree = "<group>";
		};
		2D6781BF18F4B7610080D9D8 /* Supporting Files */ = {
			isa = PBXGroup;
			children = (
				2D6781C018F4B7610080D9D8 /* AccelerometerExampleTests-Info.plist */,
				2D6781C118F4B7620080D9D8 /* InfoPlist.strings */,
			);
			name = "Supporting Files";
			sourceTree = "<group>";
		};
/* End PBXGroup section */

/* Begin PBXNativeTarget section */
		2D67819518F4B7610080D9D8 /* AccelerometerExample */ = {
			isa = PBXNativeTarget;
			buildConfigurationList = 2D6781C818F4B7620080D9D8 /* Build configuration list for PBXNativeTarget "AccelerometerExample" */;
			buildPhases = (
				2D67819218F4B7610080D9D8 /* Sources */,
				2D67819318F4B7610080D9D8 /* Frameworks */,
				2D67819418F4B7610080D9D8 /* Resources */,
			);
			buildRules = (
			);
			dependencies = (
			);
			name = AccelerometerExample;
			productName = AcceleromterExample;
			productReference = 2D67819618F4B7610080D9D8 /* AccelerometerExample.app */;
			productType = "com.apple.product-type.application";
		};
		2D6781B618F4B7610080D9D8 /* AccelerometerExampleTests */ = {
			isa = PBXNativeTarget;
			buildConfigurationList = 2D6781CB18F4B7620080D9D8 /* Build configuration list for PBXNativeTarget "AccelerometerExampleTests" */;
			buildPhases = (
				2D6781B318F4B7610080D9D8 /* Sources */,
				2D6781B418F4B7610080D9D8 /* Frameworks */,
				2D6781B518F4B7610080D9D8 /* Resources */,
			);
			buildRules = (
			);
			dependencies = (
				2D6781BD18F4B7610080D9D8 /* PBXTargetDependency */,
			);
			name = AccelerometerExampleTests;
			productName = AcceleromterExampleTests;
			productReference = 2D6781B718F4B7610080D9D8 /* AccelerometerExampleTests.xctest */;
			productType = "com.apple.product-type.bundle.unit-test";
		};
/* End PBXNativeTarget section */

/* Begin PBXProject section */
		2D67818E18F4B7610080D9D8 /* Project object */ = {
			isa = PBXProject;
			attributes = {
				LastUpgradeCheck = 0510;
				ORGANIZATIONNAME = Langara;
				TargetAttributes = {
					2D6781B618F4B7610080D9D8 = {
						TestTargetID = 2D67819518F4B7610080D9D8;
					};
				};
			};
			buildConfigurationList = 2D67819118F4B7610080D9D8 /* Build configuration list for PBXProject "AccelerometerExample" */;
			compatibilityVersion = "Xcode 3.2";
			developmentRegion = English;
			hasScannedForEncodings = 0;
			knownRegions = (
				en,
				Base,
			);
			mainGroup = 2D67818D18F4B7610080D9D8;
			productRefGroup = 2D67819718F4B7610080D9D8 /* Products */;
			projectDirPath = "";
			projectRoot = "";
			targets = (
				2D67819518F4B7610080D9D8 /* AccelerometerExample */,
				2D6781B618F4B7610080D9D8 /* AccelerometerExampleTests */,
			);
		};
/* End PBXProject section */

/* Begin PBXResourcesBuildPhase section */
		2D67819418F4B7610080D9D8 /* Resources */ = {
			isa = PBXResourcesBuildPhase;
			buildActionMask = 2147483647;
			files = (
				2D6781B218F4B7610080D9D8 /* Images.xcassets in Resources */,
				2D6781A418F4B7610080D9D8 /* InfoPlist.strings in Resources */,
				2D6781AD18F4B7610080D9D8 /* Main.storyboard in Resources */,
			);
			runOnlyForDeploymentPostprocessing = 0;
		};
		2D6781B518F4B7610080D9D8 /* Resources */ = {
			isa = PBXResourcesBuildPhase;
			buildActionMask = 2147483647;
			files = (
				2D6781C318F4B7620080D9D8 /* InfoPlist.strings in Resources */,
			);
			runOnlyForDeploymentPostprocessing = 0;
		};
/* End PBXResourcesBuildPhase section */

/* Begin PBXSourcesBuildPhase section */
		2D67819218F4B7610080D9D8 /* Sources */ = {
			isa = PBXSourcesBuildPhase;
			buildActionMask = 2147483647;
			files = (
				2D6781B018F4B7610080D9D8 /* ViewController.m in Sources */,
				2D6781AA18F4B7610080D9D8 /* AppDelegate.m in Sources */,
				2D6781A618F4B7610080D9D8 /* main.m in Sources */,
			);
			runOnlyForDeploymentPostprocessing = 0;
		};
		2D6781B318F4B7610080D9D8 /* Sources */ = {
			isa = PBXSourcesBuildPhase;
			buildActionMask = 2147483647;
			files = (
				2D6781C518F4B7620080D9D8 /* AcceleromterExampleTests.m in Sources */,
			);
			runOnlyForDeploymentPostprocessing = 0;
		};
/* End PBXSourcesBuildPhase section */

/* Begin PBXTargetDependency section */
		2D6781BD18F4B7610080D9D8 /* PBXTargetDependency */ = {
			isa = PBXTargetDependency;
			target = 2D67819518F4B7610080D9D8 /* AccelerometerExample */;
			targetProxy = 2D6781BC18F4B7610080D9D8 /* PBXContainerItemProxy */;
		};
/* End PBXTargetDependency section */

/* Begin PBXVariantGroup section */
		2D6781A218F4B7610080D9D8 /* InfoPlist.strings */ = {
			isa = PBXVariantGroup;
			children = (
				2D6781A318F4B7610080D9D8 /* en */,
			);
			name = InfoPlist.strings;
			sourceTree = "<group>";
		};
		2D6781AB18F4B7610080D9D8 /* Main.storyboard */ = {
			isa = PBXVariantGroup;
			children = (
				2D6781AC18F4B7610080D9D8 /* Base */,
			);
			name = Main.storyboard;
			sourceTree = "<group>";
		};
		2D6781C118F4B7620080D9D8 /* InfoPlist.strings */ = {
			isa = PBXVariantGroup;
			children = (
				2D6781C218F4B7620080D9D8 /* en */,
			);
			name = InfoPlist.strings;
			sourceTree = "<group>";
		};
/* End PBXVariantGroup section */

/* Begin XCBuildConfiguration section */
		2D6781C618F4B7620080D9D8 /* Debug */ = {
			isa = XCBuildConfiguration;
			buildSettings = {
				ALWAYS_SEARCH_USER_PATHS = NO;
				CLANG_CXX_LANGUAGE_STANDARD = "gnu++0x";
				CLANG_CXX_LIBRARY = "libc++";
				CLANG_ENABLE_MODULES = YES;
				CLANG_ENABLE_OBJC_ARC = YES;
				CLANG_WARN_BOOL_CONVERSION = YES;
				CLANG_WARN_CONSTANT_CONVERSION = YES;
				CLANG_WARN_DIRECT_OBJC_ISA_USAGE = YES_ERROR;
				CLANG_WARN_EMPTY_BODY = YES;
				CLANG_WARN_ENUM_CONVERSION = YES;
				CLANG_WARN_INT_CONVERSION = YES;
				CLANG_WARN_OBJC_ROOT_CLASS = YES_ERROR;
				CLANG_WARN__DUPLICATE_METHOD_MATCH = YES;
				"CODE_SIGN_IDENTITY[sdk=iphoneos*]" = "iPhone Developer";
				COPY_PHASE_STRIP = NO;
				GCC_C_LANGUAGE_STANDARD = gnu99;
				GCC_DYNAMIC_NO_PIC = NO;
				GCC_OPTIMIZATION_LEVEL = 0;
				GCC_PREPROCESSOR_DEFINITIONS = (
					"DEBUG=1",
					"$(inherited)",
				);
				GCC_SYMBOLS_PRIVATE_EXTERN = NO;
				GCC_WARN_64_TO_32_BIT_CONVERSION = YES;
				GCC_WARN_ABOUT_RETURN_TYPE = YES_ERROR;
				GCC_WARN_UNDECLARED_SELECTOR = YES;
				GCC_WARN_UNINITIALIZED_AUTOS = YES_AGGRESSIVE;
				GCC_WARN_UNUSED_FUNCTION = YES;
				GCC_WARN_UNUSED_VARIABLE = YES;
				IPHONEOS_DEPLOYMENT_TARGET = 7.1;
				ONLY_ACTIVE_ARCH = YES;
				SDKROOT = iphoneos;
			};
			name = Debug;
		};
		2D6781C718F4B7620080D9D8 /* Release */ = {
			isa = XCBuildConfiguration;
			buildSettings = {
				ALWAYS_SEARCH_USER_PATHS = NO;
				CLANG_CXX_LANGUAGE_STANDARD = "gnu++0x";
				CLANG_CXX_LIBRARY = "libc++";
				CLANG_ENABLE_MODULES = YES;
				CLANG_ENABLE_OBJC_ARC = YES;
				CLANG_WARN_BOOL_CONVERSION = YES;
				CLANG_WARN_CONSTANT_CONVERSION = YES;
				CLANG_WARN_DIRECT_OBJC_ISA_USAGE = YES_ERROR;
				CLANG_WARN_EMPTY_BODY = YES;
				CLANG_WARN_ENUM_CONVERSION = YES;
				CLANG_WARN_INT_CONVERSION = YES;
				CLANG_WARN_OBJC_ROOT_CLASS = YES_ERROR;
				CLANG_WARN__DUPLICATE_METHOD_MATCH = YES;
				"CODE_SIGN_IDENTITY[sdk=iphoneos*]" = "iPhone Developer";
				COPY_PHASE_STRIP = YES;
				ENABLE_NS_ASSERTIONS = NO;
				GCC_C_LANGUAGE_STANDARD = gnu99;
				GCC_WARN_64_TO_32_BIT_CONVERSION = YES;
				GCC_WARN_ABOUT_RETURN_TYPE = YES_ERROR;
				GCC_WARN_UNDECLARED_SELECTOR = YES;
				GCC_WARN_UNINITIALIZED_AUTOS = YES_AGGRESSIVE;
				GCC_WARN_UNUSED_FUNCTION = YES;
				GCC_WARN_UNUSED_VARIABLE = YES;
				IPHONEOS_DEPLOYMENT_TARGET = 7.1;
				SDKROOT = iphoneos;
				VALIDATE_PRODUCT = YES;
			};
			name = Release;
		};
		2D6781C918F4B7620080D9D8 /* Debug */ = {
			isa = XCBuildConfiguration;
			buildSettings = {
				ASSETCATALOG_COMPILER_APPICON_NAME = AppIcon;
				ASSETCATALOG_COMPILER_LAUNCHIMAGE_NAME = LaunchImage;
				GCC_PRECOMPILE_PREFIX_HEADER = YES;
				GCC_PREFIX_HEADER = "AcceleromterExample/AccelerometerExample-Prefix.pch";
				INFOPLIST_FILE = "AcceleromterExample/AccelerometerExample-Info.plist";
				PRODUCT_NAME = AccelerometerExample;
				WRAPPER_EXTENSION = app;
			};
			name = Debug;
		};
		2D6781CA18F4B7620080D9D8 /* Release */ = {
			isa = XCBuildConfiguration;
			buildSettings = {
				ASSETCATALOG_COMPILER_APPICON_NAME = AppIcon;
				ASSETCATALOG_COMPILER_LAUNCHIMAGE_NAME = LaunchImage;
				GCC_PRECOMPILE_PREFIX_HEADER = YES;
				GCC_PREFIX_HEADER = "AcceleromterExample/AccelerometerExample-Prefix.pch";
				INFOPLIST_FILE = "AcceleromterExample/AccelerometerExample-Info.plist";
				PRODUCT_NAME = AccelerometerExample;
				WRAPPER_EXTENSION = app;
			};
			name = Release;
		};
		2D6781CC18F4B7620080D9D8 /* Debug */ = {
			isa = XCBuildConfiguration;
			buildSettings = {
				BUNDLE_LOADER = "$(BUILT_PRODUCTS_DIR)/AcceleromterExample.app/AcceleromterExample";
				FRAMEWORK_SEARCH_PATHS = (
					"$(SDKROOT)/Developer/Library/Frameworks",
					"$(inherited)",
					"$(DEVELOPER_FRAMEWORKS_DIR)",
				);
				GCC_PRECOMPILE_PREFIX_HEADER = YES;
				GCC_PREFIX_HEADER = "AcceleromterExample/AcceleromterExample-Prefix.pch";
				GCC_PREPROCESSOR_DEFINITIONS = (
					"DEBUG=1",
					"$(inherited)",
				);
				INFOPLIST_FILE = "AcceleromterExampleTests/AccelerometerExampleTests-Info.plist";
				PRODUCT_NAME = AccelerometerExampleTests;
				TEST_HOST = "$(BUNDLE_LOADER)";
				WRAPPER_EXTENSION = xctest;
			};
			name = Debug;
		};
		2D6781CD18F4B7620080D9D8 /* Release */ = {
			isa = XCBuildConfiguration;
			buildSettings = {
				BUNDLE_LOADER = "$(BUILT_PRODUCTS_DIR)/AcceleromterExample.app/AcceleromterExample";
				FRAMEWORK_SEARCH_PATHS = (
					"$(SDKROOT)/Developer/Library/Frameworks",
					"$(inherited)",
					"$(DEVELOPER_FRAMEWORKS_DIR)",
				);
				GCC_PRECOMPILE_PREFIX_HEADER = YES;
				GCC_PREFIX_HEADER = "AcceleromterExample/AcceleromterExample-Prefix.pch";
				INFOPLIST_FILE = "AcceleromterExampleTests/AccelerometerExampleTests-Info.plist";
				PRODUCT_NAME = AccelerometerExampleTests;
				TEST_HOST = "$(BUNDLE_LOADER)";
				WRAPPER_EXTENSION = xctest;
			};
			name = Release;
		};
/* End XCBuildConfiguration section */

/* Begin XCConfigurationList section */
		2D67819118F4B7610080D9D8 /* Build configuration list for PBXProject "AccelerometerExample" */ = {
			isa = XCConfigurationList;
			buildConfigurations = (
				2D6781C618F4B7620080D9D8 /* Debug */,
				2D6781C718F4B7620080D9D8 /* Release */,
			);
			defaultConfigurationIsVisible = 0;
			defaultConfigurationName = Release;
		};
		2D6781C818F4B7620080D9D8 /* Build configuration list for PBXNativeTarget "AccelerometerExample" */ = {
			isa = XCConfigurationList;
			buildConfigurations = (
				2D6781C918F4B7620080D9D8 /* Debug */,
				2D6781CA18F4B7620080D9D8 /* Release */,
			);
			defaultConfigurationIsVisible = 0;
			defaultConfigurationName = Release;
		};
		2D6781CB18F4B7620080D9D8 /* Build configuration list for PBXNativeTarget "AccelerometerExampleTests" */ = {
			isa = XCConfigurationList;
			buildConfigurations = (
				2D6781CC18F4B7620080D9D8 /* Debug */,
				2D6781CD18F4B7620080D9D8 /* Release */,
			);
			defaultConfigurationIsVisible = 0;
			defaultConfigurationName = Release;
		};
/* End XCConfigurationList section */
	};
	rootObject = 2D67818E18F4B7610080D9D8 /* Project object */;
}
