// !$*UTF8*$!
{
	archiveVersion = 1;
	classes = {
	};
	objectVersion = 46;
	objects = {

/* Begin PBXBuildFile section */
		2DE7040A160C1CD3003BAE8B /* Foundation.framework in Frameworks */ = {isa = PBXBuildFile; fileRef = 2DE70409160C1CD3003BAE8B /* Foundation.framework */; };
		2DE7040D160C1CD3003BAE8B /* main.m in Sources */ = {isa = PBXBuildFile; fileRef = 2DE7040C160C1CD3003BAE8B /* main.m */; };
		2DE70411160C1CD3003BAE8B /* __HelloWorld.1 in CopyFiles */ = {isa = PBXBuildFile; fileRef = 2DE70410160C1CD3003BAE8B /* __HelloWorld.1 */; };
/* End PBXBuildFile section */

/* Begin PBXCopyFilesBuildPhase section */
		2DE70403160C1CD3003BAE8B /* CopyFiles */ = {
			isa = PBXCopyFilesBuildPhase;
			buildActionMask = 2147483647;
			dstPath = /usr/share/man/man1/;
			dstSubfolderSpec = 0;
			files = (
				2DE70411160C1CD3003BAE8B /* __HelloWorld.1 in CopyFiles */,
			);
			runOnlyForDeploymentPostprocessing = 1;
		};
/* End PBXCopyFilesBuildPhase section */

/* Begin PBXFileReference section */
		2DE70405160C1CD3003BAE8B /* 1_HelloWorld */ = {isa = PBXFileReference; explicitFileType = "compiled.mach-o.executable"; includeInIndex = 0; path = 1_HelloWorld; sourceTree = BUILT_PRODUCTS_DIR; };
		2DE70409160C1CD3003BAE8B /* Foundation.framework */ = {isa = PBXFileReference; lastKnownFileType = wrapper.framework; name = Foundation.framework; path = System/Library/Frameworks/Foundation.framework; sourceTree = SDKROOT; };
		2DE7040C160C1CD3003BAE8B /* main.m */ = {isa = PBXFileReference; lastKnownFileType = sourcecode.c.objc; path = main.m; sourceTree = "<group>"; };
		2DE7040F160C1CD3003BAE8B /* 1_HelloWorld-Prefix.pch */ = {isa = PBXFileReference; lastKnownFileType = sourcecode.c.h; path = "1_HelloWorld-Prefix.pch"; sourceTree = "<group>"; };
		2DE70410160C1CD3003BAE8B /* __HelloWorld.1 */ = {isa = PBXFileReference; lastKnownFileType = text.man; path = __HelloWorld.1; sourceTree = "<group>"; };
/* End PBXFileReference section */

/* Begin PBXFrameworksBuildPhase section */
		2DE70402160C1CD3003BAE8B /* Frameworks */ = {
			isa = PBXFrameworksBuildPhase;
			buildActionMask = 2147483647;
			files = (
				2DE7040A160C1CD3003BAE8B /* Foundation.framework in Frameworks */,
			);
			runOnlyForDeploymentPostprocessing = 0;
		};
/* End PBXFrameworksBuildPhase section */

/* Begin PBXGroup section */
		2DE703FA160C1CD3003BAE8B = {
			isa = PBXGroup;
			children = (
				2DE7040B160C1CD3003BAE8B /* 1_HelloWorld */,
				2DE70408160C1CD3003BAE8B /* Frameworks */,
				2DE70406160C1CD3003BAE8B /* Products */,
			);
			sourceTree = "<group>";
		};
		2DE70406160C1CD3003BAE8B /* Products */ = {
			isa = PBXGroup;
			children = (
				2DE70405160C1CD3003BAE8B /* 1_HelloWorld */,
			);
			name = Products;
			sourceTree = "<group>";
		};
		2DE70408160C1CD3003BAE8B /* Frameworks */ = {
			isa = PBXGroup;
			children = (
				2DE70409160C1CD3003BAE8B /* Foundation.framework */,
			);
			name = Frameworks;
			sourceTree = "<group>";
		};
		2DE7040B160C1CD3003BAE8B /* 1_HelloWorld */ = {
			isa = PBXGroup;
			children = (
				2DE7040C160C1CD3003BAE8B /* main.m */,
				2DE70410160C1CD3003BAE8B /* __HelloWorld.1 */,
				2DE7040E160C1CD3003BAE8B /* Supporting Files */,
			);
			path = 1_HelloWorld;
			sourceTree = "<group>";
		};
		2DE7040E160C1CD3003BAE8B /* Supporting Files */ = {
			isa = PBXGroup;
			children = (
				2DE7040F160C1CD3003BAE8B /* 1_HelloWorld-Prefix.pch */,
			);
			name = "Supporting Files";
			sourceTree = "<group>";
		};
/* End PBXGroup section */

/* Begin PBXNativeTarget section */
		2DE70404160C1CD3003BAE8B /* 1_HelloWorld */ = {
			isa = PBXNativeTarget;
			buildConfigurationList = 2DE70414160C1CD3003BAE8B /* Build configuration list for PBXNativeTarget "1_HelloWorld" */;
			buildPhases = (
				2DE70401160C1CD3003BAE8B /* Sources */,
				2DE70402160C1CD3003BAE8B /* Frameworks */,
				2DE70403160C1CD3003BAE8B /* CopyFiles */,
			);
			buildRules = (
			);
			dependencies = (
			);
			name = 1_HelloWorld;
			productName = 1_HelloWorld;
			productReference = 2DE70405160C1CD3003BAE8B /* 1_HelloWorld */;
			productType = "com.apple.product-type.tool";
		};
/* End PBXNativeTarget section */

/* Begin PBXProject section */
		2DE703FC160C1CD3003BAE8B /* Project object */ = {
			isa = PBXProject;
			attributes = {
				LastUpgradeCheck = 0440;
				ORGANIZATIONNAME = "Jesse Scott";
			};
			buildConfigurationList = 2DE703FF160C1CD3003BAE8B /* Build configuration list for PBXProject "1_HelloWorld" */;
			compatibilityVersion = "Xcode 3.2";
			developmentRegion = English;
			hasScannedForEncodings = 0;
			knownRegions = (
				en,
			);
			mainGroup = 2DE703FA160C1CD3003BAE8B;
			productRefGroup = 2DE70406160C1CD3003BAE8B /* Products */;
			projectDirPath = "";
			projectRoot = "";
			targets = (
				2DE70404160C1CD3003BAE8B /* 1_HelloWorld */,
			);
		};
/* End PBXProject section */

/* Begin PBXSourcesBuildPhase section */
		2DE70401160C1CD3003BAE8B /* Sources */ = {
			isa = PBXSourcesBuildPhase;
			buildActionMask = 2147483647;
			files = (
				2DE7040D160C1CD3003BAE8B /* main.m in Sources */,
			);
			runOnlyForDeploymentPostprocessing = 0;
		};
/* End PBXSourcesBuildPhase section */

/* Begin XCBuildConfiguration section */
		2DE70412160C1CD3003BAE8B /* Debug */ = {
			isa = XCBuildConfiguration;
			buildSettings = {
				ALWAYS_SEARCH_USER_PATHS = NO;
				ARCHS = "$(ARCHS_STANDARD_64_BIT)";
				CLANG_CXX_LANGUAGE_STANDARD = "gnu++0x";
				CLANG_ENABLE_OBJC_ARC = YES;
				CLANG_WARN__DUPLICATE_METHOD_MATCH = YES;
				COPY_PHASE_STRIP = NO;
				GCC_C_LANGUAGE_STANDARD = gnu99;
				GCC_DYNAMIC_NO_PIC = NO;
				GCC_ENABLE_OBJC_EXCEPTIONS = YES;
				GCC_OPTIMIZATION_LEVEL = 0;
				GCC_PREPROCESSOR_DEFINITIONS = (
					"DEBUG=1",
					"$(inherited)",
				);
				GCC_SYMBOLS_PRIVATE_EXTERN = NO;
				GCC_WARN_64_TO_32_BIT_CONVERSION = YES;
				GCC_WARN_ABOUT_RETURN_TYPE = YES;
				GCC_WARN_UNINITIALIZED_AUTOS = YES;
				GCC_WARN_UNUSED_VARIABLE = YES;
				MACOSX_DEPLOYMENT_TARGET = 10.8;
				ONLY_ACTIVE_ARCH = YES;
				SDKROOT = macosx;
			};
			name = Debug;
		};
		2DE70413160C1CD3003BAE8B /* Release */ = {
			isa = XCBuildConfiguration;
			buildSettings = {
				ALWAYS_SEARCH_USER_PATHS = NO;
				ARCHS = "$(ARCHS_STANDARD_64_BIT)";
				CLANG_CXX_LANGUAGE_STANDARD = "gnu++0x";
				CLANG_ENABLE_OBJC_ARC = YES;
				CLANG_WARN__DUPLICATE_METHOD_MATCH = YES;
				COPY_PHASE_STRIP = YES;
				DEBUG_INFORMATION_FORMAT = "dwarf-with-dsym";
				GCC_C_LANGUAGE_STANDARD = gnu99;
				GCC_ENABLE_OBJC_EXCEPTIONS = YES;
				GCC_WARN_64_TO_32_BIT_CONVERSION = YES;
				GCC_WARN_ABOUT_RETURN_TYPE = YES;
				GCC_WARN_UNINITIALIZED_AUTOS = YES;
				GCC_WARN_UNUSED_VARIABLE = YES;
				MACOSX_DEPLOYMENT_TARGET = 10.8;
				SDKROOT = macosx;
			};
			name = Release;
		};
		2DE70415160C1CD3003BAE8B /* Debug */ = {
			isa = XCBuildConfiguration;
			buildSettings = {
				GCC_PRECOMPILE_PREFIX_HEADER = YES;
				GCC_PREFIX_HEADER = "1_HelloWorld/1_HelloWorld-Prefix.pch";
				PRODUCT_NAME = "$(TARGET_NAME)";
			};
			name = Debug;
		};
		2DE70416160C1CD3003BAE8B /* Release */ = {
			isa = XCBuildConfiguration;
			buildSettings = {
				GCC_PRECOMPILE_PREFIX_HEADER = YES;
				GCC_PREFIX_HEADER = "1_HelloWorld/1_HelloWorld-Prefix.pch";
				PRODUCT_NAME = "$(TARGET_NAME)";
			};
			name = Release;
		};
/* End XCBuildConfiguration section */

/* Begin XCConfigurationList section */
		2DE703FF160C1CD3003BAE8B /* Build configuration list for PBXProject "1_HelloWorld" */ = {
			isa = XCConfigurationList;
			buildConfigurations = (
				2DE70412160C1CD3003BAE8B /* Debug */,
				2DE70413160C1CD3003BAE8B /* Release */,
			);
			defaultConfigurationIsVisible = 0;
			defaultConfigurationName = Release;
		};
		2DE70414160C1CD3003BAE8B /* Build configuration list for PBXNativeTarget "1_HelloWorld" */ = {
			isa = XCConfigurationList;
			buildConfigurations = (
				2DE70415160C1CD3003BAE8B /* Debug */,
				2DE70416160C1CD3003BAE8B /* Release */,
			);
			defaultConfigurationIsVisible = 0;
		};
/* End XCConfigurationList section */
	};
	rootObject = 2DE703FC160C1CD3003BAE8B /* Project object */;
}
